
Microsoft Visual Studio Solution File, Format Version 12.00
# Visual Studio Version 17
VisualStudioVersion = 17.14.36518.9
MinimumVisualStudioVersion = 10.0.40219.1
Project("{2150E333-8FDC-42A3-9474-1A3956D46DE8}") = "Task0", "Task0", "{02EA681E-C7D8-13C7-8484-4AC65E1B71E8}"
EndProject
Project("{FAE04EC0-301F-11D3-BF4B-00C04F79EFBC}") = "Tyuiu.AjtkuzhinovEE.Sprint3.Task0.V3", "Tyuiu.AjtkuzhinovEE.Sprint3.Task0.V3\Tyuiu.AjtkuzhinovEE.Sprint3.Task0.V3.csproj", "{09538C43-E19A-4925-BB1C-71CD6909402B}"
EndProject
Project("{FAE04EC0-301F-11D3-BF4B-00C04F79EFBC}") = "Tyuiu.AjtkuzhinovEE.Sprint3.Task0.V3.Test", "Tyuiu.AjtkuzhinovEE.Sprint3.Task0.V3.Test\Tyuiu.AjtkuzhinovEE.Sprint3.Task0.V3.Test.csproj", "{620D605C-67E9-414C-8DA2-7B00FB2347CE}"
EndProject
Project("{FAE04EC0-301F-11D3-BF4B-00C04F79EFBC}") = "Tyuiu.AjtkuzhinovEE.Sprint3.Task0.V3.Lib", "Tyuiu.AjtkuzhinovEE.Sprint3.Task0.V3.Lib\Tyuiu.AjtkuzhinovEE.Sprint3.Task0.V3.Lib.csproj", "{52B218E1-93AC-4A8D-B5E4-5C73B44DB686}"
EndProject
Project("{2150E333-8FDC-42A3-9474-1A3956D46DE8}") = "Task1", "Task1", "{36D591C7-65C7-A0D1-1CBC-10CDE441BDC8}"
EndProject
Project("{FAE04EC0-301F-11D3-BF4B-00C04F79EFBC}") = "Tyuiu.AjtkuzhinovEE.Sprint3.Task1.V28", "Tyuiu.AjtkuzhinovEE.Sprint3.Task1.V28\Tyuiu.AjtkuzhinovEE.Sprint3.Task1.V28.csproj", "{AAE7F3F2-FFCD-4B61-9C9C-5826A24043FF}"
EndProject
Project("{FAE04EC0-301F-11D3-BF4B-00C04F79EFBC}") = "Tyuiu.AjtkuzhinovEE.Sprint3.Task1.V28.Test", "Tyuiu.AjtkuzhinovEE.Sprint3.Task1.V28.Test\Tyuiu.AjtkuzhinovEE.Sprint3.Task1.V28.Test.csproj", "{BEE2FEDC-7135-4D81-B2EF-69A83A7B3205}"
EndProject
Project("{FAE04EC0-301F-11D3-BF4B-00C04F79EFBC}") = "Tyuiu.AjtkuzhinovEE.Sprint3.Task1.V28.Lib", "Tyuiu.AjtkuzhinovEE.Sprint3.Task1.V28.Lib\Tyuiu.AjtkuzhinovEE.Sprint3.Task1.V28.Lib.csproj", "{571BA07D-D80C-484F-B63C-0E74E6BB93B5}"
EndProject
Project("{2150E333-8FDC-42A3-9474-1A3956D46DE8}") = "Task2", "Task2", "{5AD423DE-BC03-471E-BACC-92EDADBE0B54}"
EndProject
Project("{FAE04EC0-301F-11D3-BF4B-00C04F79EFBC}") = "Tyuiu.AjtkuzhinovEE.Sprint3.Task2.V29", "Tyuiu.AjtkuzhinovEE.Sprint3.Task2.V29\Tyuiu.AjtkuzhinovEE.Sprint3.Task2.V29.csproj", "{649A1E16-A662-4667-AF5D-9D53303F55EF}"
EndProject
Project("{FAE04EC0-301F-11D3-BF4B-00C04F79EFBC}") = "Tyuiu.AjtkuzhinovEE.Sprint3.Task2.V29.Test", "Tyuiu.AjtkuzhinovEE.Sprint3.Task2.V29.Test\Tyuiu.AjtkuzhinovEE.Sprint3.Task2.V29.Test.csproj", "{6546EAA8-DBDE-4517-ABCF-D411918C787B}"
EndProject
Project("{FAE04EC0-301F-11D3-BF4B-00C04F79EFBC}") = "Tyuiu.AjtkuzhinovEE.Sprint3.Task2.V29.Lib", "Tyuiu.AjtkuzhinovEE.Sprint3.Task2.V29.Lib\Tyuiu.AjtkuzhinovEE.Sprint3.Task2.V29.Lib.csproj", "{CD5DEF4A-1DD3-471E-A23D-3B7502DD35B8}"
EndProject
Project("{2150E333-8FDC-42A3-9474-1A3956D46DE8}") = "Task3", "Task3", "{5F63D27E-0BDD-45FE-9BE5-499E1E934C9F}"
EndProject
Project("{FAE04EC0-301F-11D3-BF4B-00C04F79EFBC}") = "Tyuiu.AjtkuzhinovEE.Sprint3.Task3.V22", "Tyuiu.AjtkuzhinovEE.Sprint3.Task3.V22\Tyuiu.AjtkuzhinovEE.Sprint3.Task3.V22.csproj", "{9B1F905E-D670-4217-8CD6-EC1D7CF758BC}"
EndProject
Project("{FAE04EC0-301F-11D3-BF4B-00C04F79EFBC}") = "Tyuiu.AjtkuzhinovEE.Sprint3.Task3.V22.Lib", "Tyuiu.AjtkuzhinovEE.Sprint3.Task3.V22.Lib\Tyuiu.AjtkuzhinovEE.Sprint3.Task3.V22.Lib.csproj", "{C3D66F36-3A0A-4C41-964C-7B9B3EFEEF5D}"
EndProject
Project("{FAE04EC0-301F-11D3-BF4B-00C04F79EFBC}") = "Tyuiu.AjtkuzhinovEE.Sprint3.Task3.V22.Test", "Tyuiu.AjtkuzhinovEE.Sprint3.Task3.V22.Test\Tyuiu.AjtkuzhinovEE.Sprint3.Task3.V22.Test.csproj", "{3CEBA24D-47C6-42D8-BA39-D96DE68EBC74}"
EndProject
Global
	GlobalSection(SolutionConfigurationPlatforms) = preSolution
		Debug|Any CPU = Debug|Any CPU
		Release|Any CPU = Release|Any CPU
	EndGlobalSection
	GlobalSection(ProjectConfigurationPlatforms) = postSolution
		{09538C43-E19A-4925-BB1C-71CD6909402B}.Debug|Any CPU.ActiveCfg = Debug|Any CPU
		{09538C43-E19A-4925-BB1C-71CD6909402B}.Debug|Any CPU.Build.0 = Debug|Any CPU
		{09538C43-E19A-4925-BB1C-71CD6909402B}.Release|Any CPU.ActiveCfg = Release|Any CPU
		{09538C43-E19A-4925-BB1C-71CD6909402B}.Release|Any CPU.Build.0 = Release|Any CPU
		{620D605C-67E9-414C-8DA2-7B00FB2347CE}.Debug|Any CPU.ActiveCfg = Debug|Any CPU
		{620D605C-67E9-414C-8DA2-7B00FB2347CE}.Debug|Any CPU.Build.0 = Debug|Any CPU
		{620D605C-67E9-414C-8DA2-7B00FB2347CE}.Release|Any CPU.ActiveCfg = Release|Any CPU
		{620D605C-67E9-414C-8DA2-7B00FB2347CE}.Release|Any CPU.Build.0 = Release|Any CPU
		{52B218E1-93AC-4A8D-B5E4-5C73B44DB686}.Debug|Any CPU.ActiveCfg = Debug|Any CPU
		{52B218E1-93AC-4A8D-B5E4-5C73B44DB686}.Debug|Any CPU.Build.0 = Debug|Any CPU
		{52B218E1-93AC-4A8D-B5E4-5C73B44DB686}.Release|Any CPU.ActiveCfg = Release|Any CPU
		{52B218E1-93AC-4A8D-B5E4-5C73B44DB686}.Release|Any CPU.Build.0 = Release|Any CPU
		{AAE7F3F2-FFCD-4B61-9C9C-5826A24043FF}.Debug|Any CPU.ActiveCfg = Debug|Any CPU
		{AAE7F3F2-FFCD-4B61-9C9C-5826A24043FF}.Debug|Any CPU.Build.0 = Debug|Any CPU
		{AAE7F3F2-FFCD-4B61-9C9C-5826A24043FF}.Release|Any CPU.ActiveCfg = Release|Any CPU
		{AAE7F3F2-FFCD-4B61-9C9C-5826A24043FF}.Release|Any CPU.Build.0 = Release|Any CPU
		{BEE2FEDC-7135-4D81-B2EF-69A83A7B3205}.Debug|Any CPU.ActiveCfg = Debug|Any CPU
		{BEE2FEDC-7135-4D81-B2EF-69A83A7B3205}.Debug|Any CPU.Build.0 = Debug|Any CPU
		{BEE2FEDC-7135-4D81-B2EF-69A83A7B3205}.Release|Any CPU.ActiveCfg = Release|Any CPU
		{BEE2FEDC-7135-4D81-B2EF-69A83A7B3205}.Release|Any CPU.Build.0 = Release|Any CPU
		{571BA07D-D80C-484F-B63C-0E74E6BB93B5}.Debug|Any CPU.ActiveCfg = Debug|Any CPU
		{571BA07D-D80C-484F-B63C-0E74E6BB93B5}.Debug|Any CPU.Build.0 = Debug|Any CPU
		{571BA07D-D80C-484F-B63C-0E74E6BB93B5}.Release|Any CPU.ActiveCfg = Release|Any CPU
		{571BA07D-D80C-484F-B63C-0E74E6BB93B5}.Release|Any CPU.Build.0 = Release|Any CPU
		{649A1E16-A662-4667-AF5D-9D53303F55EF}.Debug|Any CPU.ActiveCfg = Debug|Any CPU
		{649A1E16-A662-4667-AF5D-9D53303F55EF}.Debug|Any CPU.Build.0 = Debug|Any CPU
		{649A1E16-A662-4667-AF5D-9D53303F55EF}.Release|Any CPU.ActiveCfg = Release|Any CPU
		{649A1E16-A662-4667-AF5D-9D53303F55EF}.Release|Any CPU.Build.0 = Release|Any CPU
		{6546EAA8-DBDE-4517-ABCF-D411918C787B}.Debug|Any CPU.ActiveCfg = Debug|Any CPU
		{6546EAA8-DBDE-4517-ABCF-D411918C787B}.Debug|Any CPU.Build.0 = Debug|Any CPU
		{6546EAA8-DBDE-4517-ABCF-D411918C787B}.Release|Any CPU.ActiveCfg = Release|Any CPU
		{6546EAA8-DBDE-4517-ABCF-D411918C787B}.Release|Any CPU.Build.0 = Release|Any CPU
		{CD5DEF4A-1DD3-471E-A23D-3B7502DD35B8}.Debug|Any CPU.ActiveCfg = Debug|Any CPU
		{CD5DEF4A-1DD3-471E-A23D-3B7502DD35B8}.Debug|Any CPU.Build.0 = Debug|Any CPU
		{CD5DEF4A-1DD3-471E-A23D-3B7502DD35B8}.Release|Any CPU.ActiveCfg = Release|Any CPU
		{CD5DEF4A-1DD3-471E-A23D-3B7502DD35B8}.Release|Any CPU.Build.0 = Release|Any CPU
		{9B1F905E-D670-4217-8CD6-EC1D7CF758BC}.Debug|Any CPU.ActiveCfg = Debug|Any CPU
		{9B1F905E-D670-4217-8CD6-EC1D7CF758BC}.Debug|Any CPU.Build.0 = Debug|Any CPU
		{9B1F905E-D670-4217-8CD6-EC1D7CF758BC}.Release|Any CPU.ActiveCfg = Release|Any CPU
		{9B1F905E-D670-4217-8CD6-EC1D7CF758BC}.Release|Any CPU.Build.0 = Release|Any CPU
		{C3D66F36-3A0A-4C41-964C-7B9B3EFEEF5D}.Debug|Any CPU.ActiveCfg = Debug|Any CPU
		{C3D66F36-3A0A-4C41-964C-7B9B3EFEEF5D}.Debug|Any CPU.Build.0 = Debug|Any CPU
		{C3D66F36-3A0A-4C41-964C-7B9B3EFEEF5D}.Release|Any CPU.ActiveCfg = Release|Any CPU
		{C3D66F36-3A0A-4C41-964C-7B9B3EFEEF5D}.Release|Any CPU.Build.0 = Release|Any CPU
		{3CEBA24D-47C6-42D8-BA39-D96DE68EBC74}.Debug|Any CPU.ActiveCfg = Debug|Any CPU
		{3CEBA24D-47C6-42D8-BA39-D96DE68EBC74}.Debug|Any CPU.Build.0 = Debug|Any CPU
		{3CEBA24D-47C6-42D8-BA39-D96DE68EBC74}.Release|Any CPU.ActiveCfg = Release|Any CPU
		{3CEBA24D-47C6-42D8-BA39-D96DE68EBC74}.Release|Any CPU.Build.0 = Release|Any CPU
	EndGlobalSection
	GlobalSection(SolutionProperties) = preSolution
		HideSolutionNode = FALSE
	EndGlobalSection
	GlobalSection(NestedProjects) = preSolution
		{09538C43-E19A-4925-BB1C-71CD6909402B} = {02EA681E-C7D8-13C7-8484-4AC65E1B71E8}
		{620D605C-67E9-414C-8DA2-7B00FB2347CE} = {02EA681E-C7D8-13C7-8484-4AC65E1B71E8}
		{52B218E1-93AC-4A8D-B5E4-5C73B44DB686} = {02EA681E-C7D8-13C7-8484-4AC65E1B71E8}
		{AAE7F3F2-FFCD-4B61-9C9C-5826A24043FF} = {36D591C7-65C7-A0D1-1CBC-10CDE441BDC8}
		{BEE2FEDC-7135-4D81-B2EF-69A83A7B3205} = {36D591C7-65C7-A0D1-1CBC-10CDE441BDC8}
		{571BA07D-D80C-484F-B63C-0E74E6BB93B5} = {36D591C7-65C7-A0D1-1CBC-10CDE441BDC8}
		{649A1E16-A662-4667-AF5D-9D53303F55EF} = {5AD423DE-BC03-471E-BACC-92EDADBE0B54}
		{6546EAA8-DBDE-4517-ABCF-D411918C787B} = {5AD423DE-BC03-471E-BACC-92EDADBE0B54}
		{CD5DEF4A-1DD3-471E-A23D-3B7502DD35B8} = {5AD423DE-BC03-471E-BACC-92EDADBE0B54}
		{9B1F905E-D670-4217-8CD6-EC1D7CF758BC} = {5F63D27E-0BDD-45FE-9BE5-499E1E934C9F}
		{C3D66F36-3A0A-4C41-964C-7B9B3EFEEF5D} = {5F63D27E-0BDD-45FE-9BE5-499E1E934C9F}
		{3CEBA24D-47C6-42D8-BA39-D96DE68EBC74} = {5F63D27E-0BDD-45FE-9BE5-499E1E934C9F}
	EndGlobalSection
	GlobalSection(ExtensibilityGlobals) = postSolution
		SolutionGuid = {7EA70835-0507-45B4-B831-8AABD2E7F9A9}
	EndGlobalSection
EndGlobal
